
Microsoft Visual Studio Solution File, Format Version 12.00
# Visual Studio 2013
VisualStudioVersion = 12.0.21005.1
MinimumVisualStudioVersion = 10.0.40219.1
Project("{8BC9CEB8-8B4A-11D0-8D11-00A0C91BC942}") = "Console-Template1", "Console-Template1\Console-Template1.vcxproj", "{C347B76A-D85A-4808-88AE-A2D23DC2A1FA}"
EndProject
Global
	GlobalSection(SolutionConfigurationPlatforms) = preSolution
		Debug|Win32 = Debug|Win32
		Release|Win32 = Release|Win32
	EndGlobalSection
	GlobalSection(ProjectConfigurationPlatforms) = postSolution
		{C347B76A-D85A-4808-88AE-A2D23DC2A1FA}.Debug|Win32.ActiveCfg = Debug|Win32
		{C347B76A-D85A-4808-88AE-A2D23DC2A1FA}.Debug|Win32.Build.0 = Debug|Win32
		{C347B76A-D85A-4808-88AE-A2D23DC2A1FA}.Release|Win32.ActiveCfg = Release|Win32
		{C347B76A-D85A-4808-88AE-A2D23DC2A1FA}.Release|Win32.Build.0 = Release|Win32
	EndGlobalSection
	GlobalSection(SolutionProperties) = preSolution
		HideSolutionNode = FALSE
	EndGlobalSection
EndGlobal
